// !$*UTF8*$!
{
	archiveVersion = 1;
	classes = {
	};
	objectVersion = 46;
	objects = {

/* Begin PBXBuildFile section */
		83E52C061D4D407D00965A60 /* AppDelegate.swift in Sources */ = {isa = PBXBuildFile; fileRef = 83E52C051D4D407D00965A60 /* AppDelegate.swift */; };
		83E52C081D4D407D00965A60 /* ViewController.swift in Sources */ = {isa = PBXBuildFile; fileRef = 83E52C071D4D407D00965A60 /* ViewController.swift */; };
		83E52C0B1D4D407D00965A60 /* Main.storyboard in Resources */ = {isa = PBXBuildFile; fileRef = 83E52C091D4D407D00965A60 /* Main.storyboard */; };
		83E52C0D1D4D407D00965A60 /* Assets.xcassets in Resources */ = {isa = PBXBuildFile; fileRef = 83E52C0C1D4D407D00965A60 /* Assets.xcassets */; };
		83E52C101D4D407D00965A60 /* LaunchScreen.storyboard in Resources */ = {isa = PBXBuildFile; fileRef = 83E52C0E1D4D407D00965A60 /* LaunchScreen.storyboard */; };
		83E52C1B1D4D407D00965A60 /* OrienteeringTests.swift in Sources */ = {isa = PBXBuildFile; fileRef = 83E52C1A1D4D407D00965A60 /* OrienteeringTests.swift */; };
		83E52C261D4D407D00965A60 /* OrienteeringUITests.swift in Sources */ = {isa = PBXBuildFile; fileRef = 83E52C251D4D407D00965A60 /* OrienteeringUITests.swift */; };
/* End PBXBuildFile section */

/* Begin PBXContainerItemProxy section */
		83E52C171D4D407D00965A60 /* PBXContainerItemProxy */ = {
			isa = PBXContainerItemProxy;
			containerPortal = 83E52BFA1D4D407D00965A60 /* Project object */;
			proxyType = 1;
			remoteGlobalIDString = 83E52C011D4D407D00965A60;
			remoteInfo = Orienteering;
		};
		83E52C221D4D407D00965A60 /* PBXContainerItemProxy */ = {
			isa = PBXContainerItemProxy;
			containerPortal = 83E52BFA1D4D407D00965A60 /* Project object */;
			proxyType = 1;
			remoteGlobalIDString = 83E52C011D4D407D00965A60;
			remoteInfo = Orienteering;
		};
/* End PBXContainerItemProxy section */

/* Begin PBXFileReference section */
		83E52C021D4D407D00965A60 /* Orienteering.app */ = {isa = PBXFileReference; explicitFileType = wrapper.application; includeInIndex = 0; path = Orienteering.app; sourceTree = BUILT_PRODUCTS_DIR; };
		83E52C051D4D407D00965A60 /* AppDelegate.swift */ = {isa = PBXFileReference; lastKnownFileType = sourcecode.swift; path = AppDelegate.swift; sourceTree = "<group>"; };
		83E52C071D4D407D00965A60 /* ViewController.swift */ = {isa = PBXFileReference; lastKnownFileType = sourcecode.swift; path = ViewController.swift; sourceTree = "<group>"; };
		83E52C0A1D4D407D00965A60 /* Base */ = {isa = PBXFileReference; lastKnownFileType = file.storyboard; name = Base; path = Base.lproj/Main.storyboard; sourceTree = "<group>"; };
		83E52C0C1D4D407D00965A60 /* Assets.xcassets */ = {isa = PBXFileReference; lastKnownFileType = folder.assetcatalog; path = Assets.xcassets; sourceTree = "<group>"; };
		83E52C0F1D4D407D00965A60 /* Base */ = {isa = PBXFileReference; lastKnownFileType = file.storyboard; name = Base; path = Base.lproj/LaunchScreen.storyboard; sourceTree = "<group>"; };
		83E52C111D4D407D00965A60 /* Info.plist */ = {isa = PBXFileReference; lastKnownFileType = text.plist.xml; path = Info.plist; sourceTree = "<group>"; };
		83E52C161D4D407D00965A60 /* OrienteeringTests.xctest */ = {isa = PBXFileReference; explicitFileType = wrapper.cfbundle; includeInIndex = 0; path = OrienteeringTests.xctest; sourceTree = BUILT_PRODUCTS_DIR; };
		83E52C1A1D4D407D00965A60 /* OrienteeringTests.swift */ = {isa = PBXFileReference; lastKnownFileType = sourcecode.swift; path = OrienteeringTests.swift; sourceTree = "<group>"; };
		83E52C1C1D4D407D00965A60 /* Info.plist */ = {isa = PBXFileReference; lastKnownFileType = text.plist.xml; path = Info.plist; sourceTree = "<group>"; };
		83E52C211D4D407D00965A60 /* OrienteeringUITests.xctest */ = {isa = PBXFileReference; explicitFileType = wrapper.cfbundle; includeInIndex = 0; path = OrienteeringUITests.xctest; sourceTree = BUILT_PRODUCTS_DIR; };
		83E52C251D4D407D00965A60 /* OrienteeringUITests.swift */ = {isa = PBXFileReference; lastKnownFileType = sourcecode.swift; path = OrienteeringUITests.swift; sourceTree = "<group>"; };
		83E52C271D4D407D00965A60 /* Info.plist */ = {isa = PBXFileReference; lastKnownFileType = text.plist.xml; path = Info.plist; sourceTree = "<group>"; };
/* End PBXFileReference section */

/* Begin PBXFrameworksBuildPhase section */
		83E52BFF1D4D407D00965A60 /* Frameworks */ = {
			isa = PBXFrameworksBuildPhase;
			buildActionMask = 2147483647;
			files = (
			);
			runOnlyForDeploymentPostprocessing = 0;
		};
		83E52C131D4D407D00965A60 /* Frameworks */ = {
			isa = PBXFrameworksBuildPhase;
			buildActionMask = 2147483647;
			files = (
			);
			runOnlyForDeploymentPostprocessing = 0;
		};
		83E52C1E1D4D407D00965A60 /* Frameworks */ = {
			isa = PBXFrameworksBuildPhase;
			buildActionMask = 2147483647;
			files = (
			);
			runOnlyForDeploymentPostprocessing = 0;
		};
/* End PBXFrameworksBuildPhase section */

/* Begin PBXGroup section */
		83E52BF91D4D407D00965A60 = {
			isa = PBXGroup;
			children = (
				83E52C041D4D407D00965A60 /* Orienteering */,
				83E52C191D4D407D00965A60 /* OrienteeringTests */,
				83E52C241D4D407D00965A60 /* OrienteeringUITests */,
				83E52C031D4D407D00965A60 /* Products */,
			);
			sourceTree = "<group>";
		};
		83E52C031D4D407D00965A60 /* Products */ = {
			isa = PBXGroup;
			children = (
				83E52C021D4D407D00965A60 /* Orienteering.app */,
				83E52C161D4D407D00965A60 /* OrienteeringTests.xctest */,
				83E52C211D4D407D00965A60 /* OrienteeringUITests.xctest */,
			);
			name = Products;
			sourceTree = "<group>";
		};
		83E52C041D4D407D00965A60 /* Orienteering */ = {
			isa = PBXGroup;
			children = (
				83E52C051D4D407D00965A60 /* AppDelegate.swift */,
				83E52C071D4D407D00965A60 /* ViewController.swift */,
				83E52C091D4D407D00965A60 /* Main.storyboard */,
				83E52C0C1D4D407D00965A60 /* Assets.xcassets */,
				83E52C0E1D4D407D00965A60 /* LaunchScreen.storyboard */,
				83E52C111D4D407D00965A60 /* Info.plist */,
			);
			path = Orienteering;
			sourceTree = "<group>";
		};
		83E52C191D4D407D00965A60 /* OrienteeringTests */ = {
			isa = PBXGroup;
			children = (
				83E52C1A1D4D407D00965A60 /* OrienteeringTests.swift */,
				83E52C1C1D4D407D00965A60 /* Info.plist */,
			);
			path = OrienteeringTests;
			sourceTree = "<group>";
		};
		83E52C241D4D407D00965A60 /* OrienteeringUITests */ = {
			isa = PBXGroup;
			children = (
				83E52C251D4D407D00965A60 /* OrienteeringUITests.swift */,
				83E52C271D4D407D00965A60 /* Info.plist */,
			);
			path = OrienteeringUITests;
			sourceTree = "<group>";
		};
/* End PBXGroup section */

/* Begin PBXNativeTarget section */
		83E52C011D4D407D00965A60 /* Orienteering */ = {
			isa = PBXNativeTarget;
			buildConfigurationList = 83E52C2A1D4D407D00965A60 /* Build configuration list for PBXNativeTarget "Orienteering" */;
			buildPhases = (
				83E52BFE1D4D407D00965A60 /* Sources */,
				83E52BFF1D4D407D00965A60 /* Frameworks */,
				83E52C001D4D407D00965A60 /* Resources */,
			);
			buildRules = (
			);
			dependencies = (
			);
			name = Orienteering;
			productName = Orienteering;
			productReference = 83E52C021D4D407D00965A60 /* Orienteering.app */;
			productType = "com.apple.product-type.application";
		};
		83E52C151D4D407D00965A60 /* OrienteeringTests */ = {
			isa = PBXNativeTarget;
			buildConfigurationList = 83E52C2D1D4D407D00965A60 /* Build configuration list for PBXNativeTarget "OrienteeringTests" */;
			buildPhases = (
				83E52C121D4D407D00965A60 /* Sources */,
				83E52C131D4D407D00965A60 /* Frameworks */,
				83E52C141D4D407D00965A60 /* Resources */,
			);
			buildRules = (
			);
			dependencies = (
				83E52C181D4D407D00965A60 /* PBXTargetDependency */,
			);
			name = OrienteeringTests;
			productName = OrienteeringTests;
			productReference = 83E52C161D4D407D00965A60 /* OrienteeringTests.xctest */;
			productType = "com.apple.product-type.bundle.unit-test";
		};
		83E52C201D4D407D00965A60 /* OrienteeringUITests */ = {
			isa = PBXNativeTarget;
			buildConfigurationList = 83E52C301D4D407D00965A60 /* Build configuration list for PBXNativeTarget "OrienteeringUITests" */;
			buildPhases = (
				83E52C1D1D4D407D00965A60 /* Sources */,
				83E52C1E1D4D407D00965A60 /* Frameworks */,
				83E52C1F1D4D407D00965A60 /* Resources */,
			);
			buildRules = (
			);
			dependencies = (
				83E52C231D4D407D00965A60 /* PBXTargetDependency */,
			);
			name = OrienteeringUITests;
			productName = OrienteeringUITests;
			productReference = 83E52C211D4D407D00965A60 /* OrienteeringUITests.xctest */;
			productType = "com.apple.product-type.bundle.ui-testing";
		};
/* End PBXNativeTarget section */

/* Begin PBXProject section */
		83E52BFA1D4D407D00965A60 /* Project object */ = {
			isa = PBXProject;
			attributes = {
				LastSwiftUpdateCheck = 0730;
				LastUpgradeCheck = 0730;
				ORGANIZATIONNAME = Wojtokuba;
				TargetAttributes = {
					83E52C011D4D407D00965A60 = {
						CreatedOnToolsVersion = 7.3.1;
					};
					83E52C151D4D407D00965A60 = {
						CreatedOnToolsVersion = 7.3.1;
						TestTargetID = 83E52C011D4D407D00965A60;
					};
					83E52C201D4D407D00965A60 = {
						CreatedOnToolsVersion = 7.3.1;
						TestTargetID = 83E52C011D4D407D00965A60;
					};
				};
			};
			buildConfigurationList = 83E52BFD1D4D407D00965A60 /* Build configuration list for PBXProject "Orienteering" */;
			compatibilityVersion = "Xcode 3.2";
			developmentRegion = English;
			hasScannedForEncodings = 0;
			knownRegions = (
				en,
				Base,
			);
			mainGroup = 83E52BF91D4D407D00965A60;
			productRefGroup = 83E52C031D4D407D00965A60 /* Products */;
			projectDirPath = "";
			projectRoot = "";
			targets = (
				83E52C011D4D407D00965A60 /* Orienteering */,
				83E52C151D4D407D00965A60 /* OrienteeringTests */,
				83E52C201D4D407D00965A60 /* OrienteeringUITests */,
			);
		};
/* End PBXProject section */

/* Begin PBXResourcesBuildPhase section */
		83E52C001D4D407D00965A60 /* Resources */ = {
			isa = PBXResourcesBuildPhase;
			buildActionMask = 2147483647;
			files = (
				83E52C101D4D407D00965A60 /* LaunchScreen.storyboard in Resources */,
				83E52C0D1D4D407D00965A60 /* Assets.xcassets in Resources */,
				83E52C0B1D4D407D00965A60 /* Main.storyboard in Resources */,
			);
			runOnlyForDeploymentPostprocessing = 0;
		};
		83E52C141D4D407D00965A60 /* Resources */ = {
			isa = PBXResourcesBuildPhase;
			buildActionMask = 2147483647;
			files = (
			);
			runOnlyForDeploymentPostprocessing = 0;
		};
		83E52C1F1D4D407D00965A60 /* Resources */ = {
			isa = PBXResourcesBuildPhase;
			buildActionMask = 2147483647;
			files = (
			);
			runOnlyForDeploymentPostprocessing = 0;
		};
/* End PBXResourcesBuildPhase section */

/* Begin PBXSourcesBuildPhase section */
		83E52BFE1D4D407D00965A60 /* Sources */ = {
			isa = PBXSourcesBuildPhase;
			buildActionMask = 2147483647;
			files = (
				83E52C081D4D407D00965A60 /* ViewController.swift in Sources */,
				83E52C061D4D407D00965A60 /* AppDelegate.swift in Sources */,
			);
			runOnlyForDeploymentPostprocessing = 0;
		};
		83E52C121D4D407D00965A60 /* Sources */ = {
			isa = PBXSourcesBuildPhase;
			buildActionMask = 2147483647;
			files = (
				83E52C1B1D4D407D00965A60 /* OrienteeringTests.swift in Sources */,
			);
			runOnlyForDeploymentPostprocessing = 0;
		};
		83E52C1D1D4D407D00965A60 /* Sources */ = {
			isa = PBXSourcesBuildPhase;
			buildActionMask = 2147483647;
			files = (
				83E52C261D4D407D00965A60 /* OrienteeringUITests.swift in Sources */,
			);
			runOnlyForDeploymentPostprocessing = 0;
		};
/* End PBXSourcesBuildPhase section */

/* Begin PBXTargetDependency section */
		83E52C181D4D407D00965A60 /* PBXTargetDependency */ = {
			isa = PBXTargetDependency;
			target = 83E52C011D4D407D00965A60 /* Orienteering */;
			targetProxy = 83E52C171D4D407D00965A60 /* PBXContainerItemProxy */;
		};
		83E52C231D4D407D00965A60 /* PBXTargetDependency */ = {
			isa = PBXTargetDependency;
			target = 83E52C011D4D407D00965A60 /* Orienteering */;
			targetProxy = 83E52C221D4D407D00965A60 /* PBXContainerItemProxy */;
		};
/* End PBXTargetDependency section */

/* Begin PBXVariantGroup section */
		83E52C091D4D407D00965A60 /* Main.storyboard */ = {
			isa = PBXVariantGroup;
			children = (
				83E52C0A1D4D407D00965A60 /* Base */,
			);
			name = Main.storyboard;
			sourceTree = "<group>";
		};
		83E52C0E1D4D407D00965A60 /* LaunchScreen.storyboard */ = {
			isa = PBXVariantGroup;
			children = (
				83E52C0F1D4D407D00965A60 /* Base */,
			);
			name = LaunchScreen.storyboard;
			sourceTree = "<group>";
		};
/* End PBXVariantGroup section */

/* Begin XCBuildConfiguration section */
		83E52C281D4D407D00965A60 /* Debug */ = {
			isa = XCBuildConfiguration;
			buildSettings = {
				ALWAYS_SEARCH_USER_PATHS = NO;
				CLANG_ANALYZER_NONNULL = YES;
				CLANG_CXX_LANGUAGE_STANDARD = "gnu++0x";
				CLANG_CXX_LIBRARY = "libc++";
				CLANG_ENABLE_MODULES = YES;
				CLANG_ENABLE_OBJC_ARC = YES;
				CLANG_WARN_BOOL_CONVERSION = YES;
				CLANG_WARN_CONSTANT_CONVERSION = YES;
				CLANG_WARN_DIRECT_OBJC_ISA_USAGE = YES_ERROR;
				CLANG_WARN_EMPTY_BODY = YES;
				CLANG_WARN_ENUM_CONVERSION = YES;
				CLANG_WARN_INT_CONVERSION = YES;
				CLANG_WARN_OBJC_ROOT_CLASS = YES_ERROR;
				CLANG_WARN_UNREACHABLE_CODE = YES;
				CLANG_WARN__DUPLICATE_METHOD_MATCH = YES;
				"CODE_SIGN_IDENTITY[sdk=iphoneos*]" = "iPhone Developer";
				COPY_PHASE_STRIP = NO;
				DEBUG_INFORMATION_FORMAT = dwarf;
				ENABLE_STRICT_OBJC_MSGSEND = YES;
				ENABLE_TESTABILITY = YES;
				GCC_C_LANGUAGE_STANDARD = gnu99;
				GCC_DYNAMIC_NO_PIC = NO;
				GCC_NO_COMMON_BLOCKS = YES;
				GCC_OPTIMIZATION_LEVEL = 0;
				GCC_PREPROCESSOR_DEFINITIONS = (
					"DEBUG=1",
					"$(inherited)",
				);
				GCC_WARN_64_TO_32_BIT_CONVERSION = YES;
				GCC_WARN_ABOUT_RETURN_TYPE = YES_ERROR;
				GCC_WARN_UNDECLARED_SELECTOR = YES;
				GCC_WARN_UNINITIALIZED_AUTOS = YES_AGGRESSIVE;
				GCC_WARN_UNUSED_FUNCTION = YES;
				GCC_WARN_UNUSED_VARIABLE = YES;
				IPHONEOS_DEPLOYMENT_TARGET = 9.3;
				MTL_ENABLE_DEBUG_INFO = YES;
				ONLY_ACTIVE_ARCH = YES;
				SDKROOT = iphoneos;
				SWIFT_OPTIMIZATION_LEVEL = "-Onone";
			};
			name = Debug;
		};
		83E52C291D4D407D00965A60 /* Release */ = {
			isa = XCBuildConfiguration;
			buildSettings = {
				ALWAYS_SEARCH_USER_PATHS = NO;
				CLANG_ANALYZER_NONNULL = YES;
				CLANG_CXX_LANGUAGE_STANDARD = "gnu++0x";
				CLANG_CXX_LIBRARY = "libc++";
				CLANG_ENABLE_MODULES = YES;
				CLANG_ENABLE_OBJC_ARC = YES;
				CLANG_WARN_BOOL_CONVERSION = YES;
				CLANG_WARN_CONSTANT_CONVERSION = YES;
				CLANG_WARN_DIRECT_OBJC_ISA_USAGE = YES_ERROR;
				CLANG_WARN_EMPTY_BODY = YES;
				CLANG_WARN_ENUM_CONVERSION = YES;
				CLANG_WARN_INT_CONVERSION = YES;
				CLANG_WARN_OBJC_ROOT_CLASS = YES_ERROR;
				CLANG_WARN_UNREACHABLE_CODE = YES;
				CLANG_WARN__DUPLICATE_METHOD_MATCH = YES;
				"CODE_SIGN_IDENTITY[sdk=iphoneos*]" = "iPhone Developer";
				COPY_PHASE_STRIP = NO;
				DEBUG_INFORMATION_FORMAT = "dwarf-with-dsym";
				ENABLE_NS_ASSERTIONS = NO;
				ENABLE_STRICT_OBJC_MSGSEND = YES;
				GCC_C_LANGUAGE_STANDARD = gnu99;
				GCC_NO_COMMON_BLOCKS = YES;
				GCC_WARN_64_TO_32_BIT_CONVERSION = YES;
				GCC_WARN_ABOUT_RETURN_TYPE = YES_ERROR;
				GCC_WARN_UNDECLARED_SELECTOR = YES;
				GCC_WARN_UNINITIALIZED_AUTOS = YES_AGGRESSIVE;
				GCC_WARN_UNUSED_FUNCTION = YES;
				GCC_WARN_UNUSED_VARIABLE = YES;
				IPHONEOS_DEPLOYMENT_TARGET = 9.3;
				MTL_ENABLE_DEBUG_INFO = NO;
				SDKROOT = iphoneos;
				VALIDATE_PRODUCT = YES;
			};
			name = Release;
		};
		83E52C2B1D4D407D00965A60 /* Debug */ = {
			isa = XCBuildConfiguration;
			buildSettings = {
				ASSETCATALOG_COMPILER_APPICON_NAME = AppIcon;
				INFOPLIST_FILE = Orienteering/Info.plist;
				LD_RUNPATH_SEARCH_PATHS = "$(inherited) @executable_path/Frameworks";
				PRODUCT_BUNDLE_IDENTIFIER = pl.wojtokuba.Orienteering;
				PRODUCT_NAME = "$(TARGET_NAME)";
			};
			name = Debug;
		};
		83E52C2C1D4D407D00965A60 /* Release */ = {
			isa = XCBuildConfiguration;
			buildSettings = {
				ASSETCATALOG_COMPILER_APPICON_NAME = AppIcon;
				INFOPLIST_FILE = Orienteering/Info.plist;
				LD_RUNPATH_SEARCH_PATHS = "$(inherited) @executable_path/Frameworks";
				PRODUCT_BUNDLE_IDENTIFIER = pl.wojtokuba.Orienteering;
				PRODUCT_NAME = "$(TARGET_NAME)";
			};
			name = Release;
		};
		83E52C2E1D4D407D00965A60 /* Debug */ = {
			isa = XCBuildConfiguration;
			buildSettings = {
				BUNDLE_LOADER = "$(TEST_HOST)";
				INFOPLIST_FILE = OrienteeringTests/Info.plist;
				LD_RUNPATH_SEARCH_PATHS = "$(inherited) @executable_path/Frameworks @loader_path/Frameworks";
				PRODUCT_BUNDLE_IDENTIFIER = pl.wojtokuba.OrienteeringTests;
				PRODUCT_NAME = "$(TARGET_NAME)";
				TEST_HOST = "$(BUILT_PRODUCTS_DIR)/Orienteering.app/Orienteering";
			};
			name = Debug;
		};
		83E52C2F1D4D407D00965A60 /* Release */ = {
			isa = XCBuildConfiguration;
			buildSettings = {
				BUNDLE_LOADER = "$(TEST_HOST)";
				INFOPLIST_FILE = OrienteeringTests/Info.plist;
				LD_RUNPATH_SEARCH_PATHS = "$(inherited) @executable_path/Frameworks @loader_path/Frameworks";
				PRODUCT_BUNDLE_IDENTIFIER = pl.wojtokuba.OrienteeringTests;
				PRODUCT_NAME = "$(TARGET_NAME)";
				TEST_HOST = "$(BUILT_PRODUCTS_DIR)/Orienteering.app/Orienteering";
			};
			name = Release;
		};
		83E52C311D4D407D00965A60 /* Debug */ = {
			isa = XCBuildConfiguration;
			buildSettings = {
				INFOPLIST_FILE = OrienteeringUITests/Info.plist;
				LD_RUNPATH_SEARCH_PATHS = "$(inherited) @executable_path/Frameworks @loader_path/Frameworks";
				PRODUCT_BUNDLE_IDENTIFIER = pl.wojtokuba.OrienteeringUITests;
				PRODUCT_NAME = "$(TARGET_NAME)";
				TEST_TARGET_NAME = Orienteering;
			};
			name = Debug;
		};
		83E52C321D4D407D00965A60 /* Release */ = {
			isa = XCBuildConfiguration;
			buildSettings = {
				INFOPLIST_FILE = OrienteeringUITests/Info.plist;
				LD_RUNPATH_SEARCH_PATHS = "$(inherited) @executable_path/Frameworks @loader_path/Frameworks";
				PRODUCT_BUNDLE_IDENTIFIER = pl.wojtokuba.OrienteeringUITests;
				PRODUCT_NAME = "$(TARGET_NAME)";
				TEST_TARGET_NAME = Orienteering;
			};
			name = Release;
		};
/* End XCBuildConfiguration section */

/* Begin XCConfigurationList section */
		83E52BFD1D4D407D00965A60 /* Build configuration list for PBXProject "Orienteering" */ = {
			isa = XCConfigurationList;
			buildConfigurations = (
				83E52C281D4D407D00965A60 /* Debug */,
				83E52C291D4D407D00965A60 /* Release */,
			);
			defaultConfigurationIsVisible = 0;
			defaultConfigurationName = Release;
		};
		83E52C2A1D4D407D00965A60 /* Build configuration list for PBXNativeTarget "Orienteering" */ = {
			isa = XCConfigurationList;
			buildConfigurations = (
				83E52C2B1D4D407D00965A60 /* Debug */,
				83E52C2C1D4D407D00965A60 /* Release */,
			);
			defaultConfigurationIsVisible = 0;
		};
		83E52C2D1D4D407D00965A60 /* Build configuration list for PBXNativeTarget "OrienteeringTests" */ = {
			isa = XCConfigurationList;
			buildConfigurations = (
				83E52C2E1D4D407D00965A60 /* Debug */,
				83E52C2F1D4D407D00965A60 /* Release */,
			);
			defaultConfigurationIsVisible = 0;
		};
		83E52C301D4D407D00965A60 /* Build configuration list for PBXNativeTarget "OrienteeringUITests" */ = {
			isa = XCConfigurationList;
			buildConfigurations = (
				83E52C311D4D407D00965A60 /* Debug */,
				83E52C321D4D407D00965A60 /* Release */,
			);
			defaultConfigurationIsVisible = 0;
		};
/* End XCConfigurationList section */
	};
	rootObject = 83E52BFA1D4D407D00965A60 /* Project object */;
}
